
Microsoft Visual Studio Solution File, Format Version 12.00
# Visual Studio Version 16
VisualStudioVersion = 16.0.31424.327
MinimumVisualStudioVersion = 10.0.40219.1
Project("{9A19103F-16F7-4668-BE54-9A1E7A4F7556}") = "forge-viewer-db-properties", "forge-viewer-db-properties.csproj", "{382D4734-FFC9-41C3-8F10-1E32472C2721}"
EndProject
Global
	GlobalSection(SolutionConfigurationPlatforms) = preSolution
		Debug|Any CPU = Debug|Any CPU
		Release|Any CPU = Release|Any CPU
	EndGlobalSection
	GlobalSection(ProjectConfigurationPlatforms) = postSolution
		{382D4734-FFC9-41C3-8F10-1E32472C2721}.Debug|Any CPU.ActiveCfg = Debug|Any CPU
		{382D4734-FFC9-41C3-8F10-1E32472C2721}.Debug|Any CPU.Build.0 = Debug|Any CPU
		{382D4734-FFC9-41C3-8F10-1E32472C2721}.Release|Any CPU.ActiveCfg = Release|Any CPU
		{382D4734-FFC9-41C3-8F10-1E32472C2721}.Release|Any CPU.Build.0 = Release|Any CPU
	EndGlobalSection
	GlobalSection(SolutionProperties) = preSolution
		HideSolutionNode = FALSE
	EndGlobalSection
	GlobalSection(ExtensibilityGlobals) = postSolution
		SolutionGuid = {D1060956-972E-4F72-9684-8078BA68EFA6}
	EndGlobalSection
EndGlobal
